{
  "name": "Snake",
  "lockfileVersion": 2,
  "requires": true,
  "packages": {
    "": {
      "dependencies": {
        "konva": "^8.3.5"
      }
    },
    "node_modules/konva": {
      "version": "8.3.5",
      "resolved": "https://registry.npmjs.org/konva/-/konva-8.3.5.tgz",
      "integrity": "sha512-RjaZN8PwZN3n/AlqLmtPNozLRXd6pPo11UawTJpvuOAKEkSQSXI1EHntDRIPnrrJ/j4gU0VmPzWs7/ZgLZnAPQ==",
      "funding": [
        {
          "type": "patreon",
          "url": "https://www.patreon.com/lavrton"
        },
        {
          "type": "opencollective",
          "url": "https://opencollective.com/konva"
        },
        {
          "type": "github",
          "url": "https://github.com/sponsors/lavrton"
        }
      ]
    }
  },
  "dependencies": {
    "konva": {
      "version": "8.3.5",
      "resolved": "https://registry.npmjs.org/konva/-/konva-8.3.5.tgz",
      "integrity": "sha512-RjaZN8PwZN3n/AlqLmtPNozLRXd6pPo11UawTJpvuOAKEkSQSXI1EHntDRIPnrrJ/j4gU0VmPzWs7/ZgLZnAPQ=="
    }
  }
}
